
Microsoft Visual Studio Solution File, Format Version 12.00
# Visual Studio Version 17
VisualStudioVersion = 17.2.32526.322
MinimumVisualStudioVersion = 10.0.40219.1
Project("{FAE04EC0-301F-11D3-BF4B-00C04F79EFBC}") = "Alunos", "Alunos\Alunos.csproj", "{13E280F4-E400-464A-82B6-4941979921DE}"
EndProject
Global
	GlobalSection(SolutionConfigurationPlatforms) = preSolution
		Debug|Any CPU = Debug|Any CPU
		Release|Any CPU = Release|Any CPU
	EndGlobalSection
	GlobalSection(ProjectConfigurationPlatforms) = postSolution
		{13E280F4-E400-464A-82B6-4941979921DE}.Debug|Any CPU.ActiveCfg = Debug|Any CPU
		{13E280F4-E400-464A-82B6-4941979921DE}.Debug|Any CPU.Build.0 = Debug|Any CPU
		{13E280F4-E400-464A-82B6-4941979921DE}.Release|Any CPU.ActiveCfg = Release|Any CPU
		{13E280F4-E400-464A-82B6-4941979921DE}.Release|Any CPU.Build.0 = Release|Any CPU
	EndGlobalSection
	GlobalSection(SolutionProperties) = preSolution
		HideSolutionNode = FALSE
	EndGlobalSection
	GlobalSection(ExtensibilityGlobals) = postSolution
		SolutionGuid = {1815BB31-87ED-4936-BE3C-0701B028860F}
	EndGlobalSection
EndGlobal
